
Microsoft Visual Studio Solution File, Format Version 12.00
# Visual Studio Version 17
VisualStudioVersion = 17.13.35825.156 d17.13
MinimumVisualStudioVersion = 10.0.40219.1
Project("{FAE04EC0-301F-11D3-BF4B-00C04F79EFBC}") = "WpfApp1", "WpfApp1\WpfApp1.csproj", "{F43EC643-E702-440A-AFE7-3F2AF60ECFA3}"
EndProject
Global
	GlobalSection(SolutionConfigurationPlatforms) = preSolution
		Debug|Any CPU = Debug|Any CPU
		Release|Any CPU = Release|Any CPU
	EndGlobalSection
	GlobalSection(ProjectConfigurationPlatforms) = postSolution
		{F43EC643-E702-440A-AFE7-3F2AF60ECFA3}.Debug|Any CPU.ActiveCfg = Debug|Any CPU
		{F43EC643-E702-440A-AFE7-3F2AF60ECFA3}.Debug|Any CPU.Build.0 = Debug|Any CPU
		{F43EC643-E702-440A-AFE7-3F2AF60ECFA3}.Release|Any CPU.ActiveCfg = Release|Any CPU
		{F43EC643-E702-440A-AFE7-3F2AF60ECFA3}.Release|Any CPU.Build.0 = Release|Any CPU
	EndGlobalSection
	GlobalSection(SolutionProperties) = preSolution
		HideSolutionNode = FALSE
	EndGlobalSection
	GlobalSection(ExtensibilityGlobals) = postSolution
		SolutionGuid = {4278C363-A94D-4281-AC65-FC756B3F7471}
	EndGlobalSection
EndGlobal
